# This file is autogenerated, do not edit; changes may be undone by the next 'dep ensure'.


[[projects]]
  digest = "1:e3b25b60c5598d88c45b25d85a76816d0a81fc3fd46c00791136614c1183fc0b"
  name = "github.com/go-sql-driver/mysql"
  packages = ["."]
  pruneopts = "UT"
  revision = "bcc459a906419e2890a50fc2c99ea6dd927a88f2"
  version = "v1.6.0"

[[projects]]
  digest = "1:4b18343353e492fa08a796ba5da7f27226ed97b9fd09593ee0ba82d5e7260e7f"
  name = "github.com/labstack/echo"
  packages = ["."]
  pruneopts = "UT"
  revision = "c6f0c667f145b5e5347ba812c9de5a5a4280bac5"
  version = "v4.6.1"

[[projects]]
  digest = "1:9bc108827ac1d8783dea294f1ef07732fa4ca7d6e20518c04888a85828eba4ce"
  name = "github.com/labstack/gommon"
  packages = [
    "color",
    "log",
  ]
  pruneopts = "UT"
  revision = "8c098ec745a2e2f9d05aaa55feb380724e9f60a1"
  version = "v0.3.1"

[[projects]]
  digest = "1:36f770f8b6ecc1221df059623824924a905ebc26b8abc669e2ac4a07cfa3d022"
  name = "github.com/mattn/go-colorable"
  packages = ["."]
  pruneopts = "UT"
  revision = "77502a542eb81f2384260b993b3b4c8e6c195207"
  version = "v0.1.11"

[[projects]]
  digest = "1:e66bb4fe1fb8b48e9bed410b198498cef8fa6701a5e3eb0ee7f07b74153a7fbc"
  name = "github.com/mattn/go-isatty"
  packages = ["."]
  pruneopts = "UT"
  revision = "504425e14f742f1f517c4586048b49b37f829c8e"
  version = "v0.0.14"

[[projects]]
  digest = "1:dc48dff981a895912c33cf272b1d869c216d058bd4025736cb481d3ceeed6872"
  name = "github.com/tkanos/gonfig"
  packages = ["."]
  pruneopts = "UT"
  revision = "e83209aed2d171bab5ffb312a1e630110481cb99"
  version = "1.0"

[[projects]]
  digest = "1:c468422f334a6b46a19448ad59aaffdfc0a36b08fdcc1c749a0b29b6453d7e59"
  name = "github.com/valyala/bytebufferpool"
  packages = ["."]
  pruneopts = "UT"
  revision = "e746df99fe4a3986f4d4f79e13c1e0117ce9c2f7"
  version = "v1.0.0"

[[projects]]
  digest = "1:d724474523928294ece8cc97e8d2371f27c7e6d3068bfa9ace93bd3105b4fdbd"
  name = "github.com/valyala/fasttemplate"
  packages = ["."]
  pruneopts = "UT"
  revision = "2275c48ed3e40f01fa347e220be31070a89b6ad4"
  version = "v1.2.1"

[[projects]]
  branch = "master"
  digest = "1:810e66658e7a68e54e57268b08aa4331dde917a5676ab1d554a483c70529866a"
  name = "golang.org/x/crypto"
  packages = [
    "acme",
    "acme/autocert",
    "bcrypt",
    "blowfish",
  ]
  pruneopts = "UT"
  revision = "ae814b36b87190c757eede9bc2d32ed77df88551"

[[projects]]
  branch = "master"
  digest = "1:b22b8fab4f63e211fe2a203db52901d5345acc6129a51d81d31fc2184d4a592f"
  name = "golang.org/x/net"
  packages = [
    "http/httpguts",
    "http2",
    "http2/h2c",
    "http2/hpack",
    "idna",
  ]
  pruneopts = "UT"
  revision = "6a13c67c3ce400be1b91076053a994c2d1ebf01b"

[[projects]]
  branch = "master"
  digest = "1:076ff19c9166681b96d03f1779230798eab069063e01a562f05b88f98fc2d5b1"
  name = "golang.org/x/sys"
  packages = [
    "internal/unsafeheader",
    "unix",
  ]
  pruneopts = "UT"
  revision = "dee7805ff2e13b1c4206de89b1c06e95ab66ae0d"

[[projects]]
  digest = "1:c9f99de7a59710d6160060a62e92e3c2899174af0b60cc8f4188eb98a5a0d1e6"
  name = "golang.org/x/text"
  packages = [
    "collate",
    "collate/build",
    "internal/colltab",
    "internal/gen",
    "internal/language",
    "internal/language/compact",
    "internal/tag",
    "internal/triegen",
    "internal/ucd",
    "language",
    "secure/bidirule",
    "transform",
    "unicode/bidi",
    "unicode/cldr",
    "unicode/norm",
    "unicode/rangetable",
  ]
  pruneopts = "UT"
  revision = "383b2e75a7a4198c42f8f87833eefb772868a56f"
  version = "v0.3.7"

[solve-meta]
  analyzer-name = "dep"
  analyzer-version = 1
  input-imports = [
    "github.com/go-sql-driver/mysql",
    "github.com/labstack/echo",
    "github.com/tkanos/gonfig",
    "golang.org/x/crypto/bcrypt",
  ]
  solver-name = "gps-cdcl"
  solver-version = 1
